
Microsoft Visual Studio Solution File, Format Version 12.00
# Visual Studio Version 17
VisualStudioVersion = 17.4.33205.214
MinimumVisualStudioVersion = 10.0.40219.1
Project("{9A19103F-16F7-4668-BE54-9A1E7A4F7556}") = "WeatherForecast.Api", "WeatherForecast.Api\WeatherForecast.Api.csproj", "{AD0882EA-7974-4DD4-8DF1-2B5A00F08253}"
EndProject
Project("{FAE04EC0-301F-11D3-BF4B-00C04F79EFBC}") = "WeatherForecast.Domain", "WeatherForecast.Domain\WeatherForecast.Domain.csproj", "{90CFB48C-B09D-43C1-B67C-6FD9E9400170}"
EndProject
Project("{FAE04EC0-301F-11D3-BF4B-00C04F79EFBC}") = "WeatherForecast.Application", "WeatherForecast.Application\WeatherForecast.Application.csproj", "{C2F0B786-71D3-465F-B531-1A2FAAB76CE4}"
EndProject
Project("{FAE04EC0-301F-11D3-BF4B-00C04F79EFBC}") = "WeatherForecast.Infrastructure", "WeatherForecast.Infrastructure\WeatherForecast.Infrastructure.csproj", "{14DD1C0E-2B70-48F3-8706-E19967494C5D}"
EndProject
Global
	GlobalSection(SolutionConfigurationPlatforms) = preSolution
		Debug|Any CPU = Debug|Any CPU
		Release|Any CPU = Release|Any CPU
	EndGlobalSection
	GlobalSection(ProjectConfigurationPlatforms) = postSolution
		{AD0882EA-7974-4DD4-8DF1-2B5A00F08253}.Debug|Any CPU.ActiveCfg = Debug|Any CPU
		{AD0882EA-7974-4DD4-8DF1-2B5A00F08253}.Debug|Any CPU.Build.0 = Debug|Any CPU
		{AD0882EA-7974-4DD4-8DF1-2B5A00F08253}.Release|Any CPU.ActiveCfg = Release|Any CPU
		{AD0882EA-7974-4DD4-8DF1-2B5A00F08253}.Release|Any CPU.Build.0 = Release|Any CPU
		{90CFB48C-B09D-43C1-B67C-6FD9E9400170}.Debug|Any CPU.ActiveCfg = Debug|Any CPU
		{90CFB48C-B09D-43C1-B67C-6FD9E9400170}.Debug|Any CPU.Build.0 = Debug|Any CPU
		{90CFB48C-B09D-43C1-B67C-6FD9E9400170}.Release|Any CPU.ActiveCfg = Release|Any CPU
		{90CFB48C-B09D-43C1-B67C-6FD9E9400170}.Release|Any CPU.Build.0 = Release|Any CPU
		{C2F0B786-71D3-465F-B531-1A2FAAB76CE4}.Debug|Any CPU.ActiveCfg = Debug|Any CPU
		{C2F0B786-71D3-465F-B531-1A2FAAB76CE4}.Debug|Any CPU.Build.0 = Debug|Any CPU
		{C2F0B786-71D3-465F-B531-1A2FAAB76CE4}.Release|Any CPU.ActiveCfg = Release|Any CPU
		{C2F0B786-71D3-465F-B531-1A2FAAB76CE4}.Release|Any CPU.Build.0 = Release|Any CPU
		{14DD1C0E-2B70-48F3-8706-E19967494C5D}.Debug|Any CPU.ActiveCfg = Debug|Any CPU
		{14DD1C0E-2B70-48F3-8706-E19967494C5D}.Debug|Any CPU.Build.0 = Debug|Any CPU
		{14DD1C0E-2B70-48F3-8706-E19967494C5D}.Release|Any CPU.ActiveCfg = Release|Any CPU
		{14DD1C0E-2B70-48F3-8706-E19967494C5D}.Release|Any CPU.Build.0 = Release|Any CPU
	EndGlobalSection
	GlobalSection(SolutionProperties) = preSolution
		HideSolutionNode = FALSE
	EndGlobalSection
	GlobalSection(ExtensibilityGlobals) = postSolution
		SolutionGuid = {E10FA299-493B-47A6-81C2-22CF8865CF9C}
	EndGlobalSection
EndGlobal
